
Microsoft Visual Studio Solution File, Format Version 12.00
# Visual Studio Version 16
VisualStudioVersion = 16.0.30611.23
MinimumVisualStudioVersion = 10.0.40219.1
Project("{FAE04EC0-301F-11D3-BF4B-00C04F79EFBC}") = "VN_Lib_v1", "VN_Lib_v1\VN_Lib_v1.csproj", "{D64C5BD3-A7EA-460C-B13B-0336892958AA}"
EndProject
Global
	GlobalSection(SolutionConfigurationPlatforms) = preSolution
		Debug|Any CPU = Debug|Any CPU
		Release|Any CPU = Release|Any CPU
	EndGlobalSection
	GlobalSection(ProjectConfigurationPlatforms) = postSolution
		{D64C5BD3-A7EA-460C-B13B-0336892958AA}.Debug|Any CPU.ActiveCfg = Debug|Any CPU
		{D64C5BD3-A7EA-460C-B13B-0336892958AA}.Debug|Any CPU.Build.0 = Debug|Any CPU
		{D64C5BD3-A7EA-460C-B13B-0336892958AA}.Release|Any CPU.ActiveCfg = Release|Any CPU
		{D64C5BD3-A7EA-460C-B13B-0336892958AA}.Release|Any CPU.Build.0 = Release|Any CPU
	EndGlobalSection
	GlobalSection(SolutionProperties) = preSolution
		HideSolutionNode = FALSE
	EndGlobalSection
	GlobalSection(ExtensibilityGlobals) = postSolution
		SolutionGuid = {F7552CF1-DAEE-41CA-841B-753643838BDA}
	EndGlobalSection
EndGlobal
